{
  "name": "shadow-auth",
  "lockfileVersion": 2,
  "requires": true,
  "packages": {
    "": {
      "dependencies": {
        "child_process": "^1.0.2",
        "sha512crypt-node": "^0.1.0"
      }
    },
    "node_modules/child_process": {
      "version": "1.0.2",
      "resolved": "https://registry.npmjs.org/child_process/-/child_process-1.0.2.tgz",
      "integrity": "sha1-sffn/HPSXn/R1FWtyU4UODAYK1o="
    },
    "node_modules/sha512crypt-node": {
      "version": "0.1.0",
      "resolved": "https://registry.npmjs.org/sha512crypt-node/-/sha512crypt-node-0.1.0.tgz",
      "integrity": "sha1-ao5GlK/wY2dlTNIKeQiYzIVbSsQ=",
      "bin": {
        "sha512crypt-demo": "demo.js"
      },
      "engines": {
        "node": "*"
      }
    }
  },
  "dependencies": {
    "child_process": {
      "version": "1.0.2",
      "resolved": "https://registry.npmjs.org/child_process/-/child_process-1.0.2.tgz",
      "integrity": "sha1-sffn/HPSXn/R1FWtyU4UODAYK1o="
    },
    "sha512crypt-node": {
      "version": "0.1.0",
      "resolved": "https://registry.npmjs.org/sha512crypt-node/-/sha512crypt-node-0.1.0.tgz",
      "integrity": "sha1-ao5GlK/wY2dlTNIKeQiYzIVbSsQ="
    }
  }
}
